// !$*UTF8*$!
{
	archiveVersion = 1;
	classes = {
	};
	objectVersion = 50;
	objects = {

/* Begin PBXBuildFile section */
		52AE4539229FB8D700FD1BDC /* AppDelegate.swift in Sources */ = {isa = PBXBuildFile; fileRef = 52AE4538229FB8D700FD1BDC /* AppDelegate.swift */; };
		52AE453B229FB8D700FD1BDC /* ViewController.swift in Sources */ = {isa = PBXBuildFile; fileRef = 52AE453A229FB8D700FD1BDC /* ViewController.swift */; };
		52AE453E229FB8D700FD1BDC /* Main.storyboard in Resources */ = {isa = PBXBuildFile; fileRef = 52AE453C229FB8D700FD1BDC /* Main.storyboard */; };
		52AE4540229FB8DA00FD1BDC /* Assets.xcassets in Resources */ = {isa = PBXBuildFile; fileRef = 52AE453F229FB8DA00FD1BDC /* Assets.xcassets */; };
		52AE4543229FB8DA00FD1BDC /* LaunchScreen.storyboard in Resources */ = {isa = PBXBuildFile; fileRef = 52AE4541229FB8DA00FD1BDC /* LaunchScreen.storyboard */; };
		52AE454E229FB8DA00FD1BDC /* register_testTests.swift in Sources */ = {isa = PBXBuildFile; fileRef = 52AE454D229FB8DA00FD1BDC /* register_testTests.swift */; };
		52AE4559229FB8DA00FD1BDC /* register_testUITests.swift in Sources */ = {isa = PBXBuildFile; fileRef = 52AE4558229FB8DA00FD1BDC /* register_testUITests.swift */; };
/* End PBXBuildFile section */

/* Begin PBXContainerItemProxy section */
		52AE454A229FB8DA00FD1BDC /* PBXContainerItemProxy */ = {
			isa = PBXContainerItemProxy;
			containerPortal = 52AE452D229FB8D600FD1BDC /* Project object */;
			proxyType = 1;
			remoteGlobalIDString = 52AE4534229FB8D700FD1BDC;
			remoteInfo = register_test;
		};
		52AE4555229FB8DA00FD1BDC /* PBXContainerItemProxy */ = {
			isa = PBXContainerItemProxy;
			containerPortal = 52AE452D229FB8D600FD1BDC /* Project object */;
			proxyType = 1;
			remoteGlobalIDString = 52AE4534229FB8D700FD1BDC;
			remoteInfo = register_test;
		};
/* End PBXContainerItemProxy section */

/* Begin PBXFileReference section */
		52AE4535229FB8D700FD1BDC /* register_test.app */ = {isa = PBXFileReference; explicitFileType = wrapper.application; includeInIndex = 0; path = register_test.app; sourceTree = BUILT_PRODUCTS_DIR; };
		52AE4538229FB8D700FD1BDC /* AppDelegate.swift */ = {isa = PBXFileReference; lastKnownFileType = sourcecode.swift; path = AppDelegate.swift; sourceTree = "<group>"; };
		52AE453A229FB8D700FD1BDC /* ViewController.swift */ = {isa = PBXFileReference; lastKnownFileType = sourcecode.swift; path = ViewController.swift; sourceTree = "<group>"; };
		52AE453D229FB8D700FD1BDC /* Base */ = {isa = PBXFileReference; lastKnownFileType = file.storyboard; name = Base; path = Base.lproj/Main.storyboard; sourceTree = "<group>"; };
		52AE453F229FB8DA00FD1BDC /* Assets.xcassets */ = {isa = PBXFileReference; lastKnownFileType = folder.assetcatalog; path = Assets.xcassets; sourceTree = "<group>"; };
		52AE4542229FB8DA00FD1BDC /* Base */ = {isa = PBXFileReference; lastKnownFileType = file.storyboard; name = Base; path = Base.lproj/LaunchScreen.storyboard; sourceTree = "<group>"; };
		52AE4544229FB8DA00FD1BDC /* Info.plist */ = {isa = PBXFileReference; lastKnownFileType = text.plist.xml; path = Info.plist; sourceTree = "<group>"; };
		52AE4549229FB8DA00FD1BDC /* register_testTests.xctest */ = {isa = PBXFileReference; explicitFileType = wrapper.cfbundle; includeInIndex = 0; path = register_testTests.xctest; sourceTree = BUILT_PRODUCTS_DIR; };
		52AE454D229FB8DA00FD1BDC /* register_testTests.swift */ = {isa = PBXFileReference; lastKnownFileType = sourcecode.swift; path = register_testTests.swift; sourceTree = "<group>"; };
		52AE454F229FB8DA00FD1BDC /* Info.plist */ = {isa = PBXFileReference; lastKnownFileType = text.plist.xml; path = Info.plist; sourceTree = "<group>"; };
		52AE4554229FB8DA00FD1BDC /* register_testUITests.xctest */ = {isa = PBXFileReference; explicitFileType = wrapper.cfbundle; includeInIndex = 0; path = register_testUITests.xctest; sourceTree = BUILT_PRODUCTS_DIR; };
		52AE4558229FB8DA00FD1BDC /* register_testUITests.swift */ = {isa = PBXFileReference; lastKnownFileType = sourcecode.swift; path = register_testUITests.swift; sourceTree = "<group>"; };
		52AE455A229FB8DA00FD1BDC /* Info.plist */ = {isa = PBXFileReference; lastKnownFileType = text.plist.xml; path = Info.plist; sourceTree = "<group>"; };
/* End PBXFileReference section */

/* Begin PBXFrameworksBuildPhase section */
		52AE4532229FB8D700FD1BDC /* Frameworks */ = {
			isa = PBXFrameworksBuildPhase;
			buildActionMask = 2147483647;
			files = (
			);
			runOnlyForDeploymentPostprocessing = 0;
		};
		52AE4546229FB8DA00FD1BDC /* Frameworks */ = {
			isa = PBXFrameworksBuildPhase;
			buildActionMask = 2147483647;
			files = (
			);
			runOnlyForDeploymentPostprocessing = 0;
		};
		52AE4551229FB8DA00FD1BDC /* Frameworks */ = {
			isa = PBXFrameworksBuildPhase;
			buildActionMask = 2147483647;
			files = (
			);
			runOnlyForDeploymentPostprocessing = 0;
		};
/* End PBXFrameworksBuildPhase section */

/* Begin PBXGroup section */
		52AE452C229FB8D600FD1BDC = {
			isa = PBXGroup;
			children = (
				52AE4537229FB8D700FD1BDC /* register_test */,
				52AE454C229FB8DA00FD1BDC /* register_testTests */,
				52AE4557229FB8DA00FD1BDC /* register_testUITests */,
				52AE4536229FB8D700FD1BDC /* Products */,
			);
			sourceTree = "<group>";
		};
		52AE4536229FB8D700FD1BDC /* Products */ = {
			isa = PBXGroup;
			children = (
				52AE4535229FB8D700FD1BDC /* register_test.app */,
				52AE4549229FB8DA00FD1BDC /* register_testTests.xctest */,
				52AE4554229FB8DA00FD1BDC /* register_testUITests.xctest */,
			);
			name = Products;
			sourceTree = "<group>";
		};
		52AE4537229FB8D700FD1BDC /* register_test */ = {
			isa = PBXGroup;
			children = (
				52AE4538229FB8D700FD1BDC /* AppDelegate.swift */,
				52AE453A229FB8D700FD1BDC /* ViewController.swift */,
				52AE453C229FB8D700FD1BDC /* Main.storyboard */,
				52AE453F229FB8DA00FD1BDC /* Assets.xcassets */,
				52AE4541229FB8DA00FD1BDC /* LaunchScreen.storyboard */,
				52AE4544229FB8DA00FD1BDC /* Info.plist */,
			);
			path = register_test;
			sourceTree = "<group>";
		};
		52AE454C229FB8DA00FD1BDC /* register_testTests */ = {
			isa = PBXGroup;
			children = (
				52AE454D229FB8DA00FD1BDC /* register_testTests.swift */,
				52AE454F229FB8DA00FD1BDC /* Info.plist */,
			);
			path = register_testTests;
			sourceTree = "<group>";
		};
		52AE4557229FB8DA00FD1BDC /* register_testUITests */ = {
			isa = PBXGroup;
			children = (
				52AE4558229FB8DA00FD1BDC /* register_testUITests.swift */,
				52AE455A229FB8DA00FD1BDC /* Info.plist */,
			);
			path = register_testUITests;
			sourceTree = "<group>";
		};
/* End PBXGroup section */

/* Begin PBXNativeTarget section */
		52AE4534229FB8D700FD1BDC /* register_test */ = {
			isa = PBXNativeTarget;
			buildConfigurationList = 52AE455D229FB8DA00FD1BDC /* Build configuration list for PBXNativeTarget "register_test" */;
			buildPhases = (
				52AE4531229FB8D700FD1BDC /* Sources */,
				52AE4532229FB8D700FD1BDC /* Frameworks */,
				52AE4533229FB8D700FD1BDC /* Resources */,
			);
			buildRules = (
			);
			dependencies = (
			);
			name = register_test;
			productName = register_test;
			productReference = 52AE4535229FB8D700FD1BDC /* register_test.app */;
			productType = "com.apple.product-type.application";
		};
		52AE4548229FB8DA00FD1BDC /* register_testTests */ = {
			isa = PBXNativeTarget;
			buildConfigurationList = 52AE4560229FB8DA00FD1BDC /* Build configuration list for PBXNativeTarget "register_testTests" */;
			buildPhases = (
				52AE4545229FB8DA00FD1BDC /* Sources */,
				52AE4546229FB8DA00FD1BDC /* Frameworks */,
				52AE4547229FB8DA00FD1BDC /* Resources */,
			);
			buildRules = (
			);
			dependencies = (
				52AE454B229FB8DA00FD1BDC /* PBXTargetDependency */,
			);
			name = register_testTests;
			productName = register_testTests;
			productReference = 52AE4549229FB8DA00FD1BDC /* register_testTests.xctest */;
			productType = "com.apple.product-type.bundle.unit-test";
		};
		52AE4553229FB8DA00FD1BDC /* register_testUITests */ = {
			isa = PBXNativeTarget;
			buildConfigurationList = 52AE4563229FB8DA00FD1BDC /* Build configuration list for PBXNativeTarget "register_testUITests" */;
			buildPhases = (
				52AE4550229FB8DA00FD1BDC /* Sources */,
				52AE4551229FB8DA00FD1BDC /* Frameworks */,
				52AE4552229FB8DA00FD1BDC /* Resources */,
			);
			buildRules = (
			);
			dependencies = (
				52AE4556229FB8DA00FD1BDC /* PBXTargetDependency */,
			);
			name = register_testUITests;
			productName = register_testUITests;
			productReference = 52AE4554229FB8DA00FD1BDC /* register_testUITests.xctest */;
			productType = "com.apple.product-type.bundle.ui-testing";
		};
/* End PBXNativeTarget section */

/* Begin PBXProject section */
		52AE452D229FB8D600FD1BDC /* Project object */ = {
			isa = PBXProject;
			attributes = {
				LastSwiftUpdateCheck = 1010;
				LastUpgradeCheck = 1010;
				ORGANIZATIONNAME = "NAKAYAMA KEITO";
				TargetAttributes = {
					52AE4534229FB8D700FD1BDC = {
						CreatedOnToolsVersion = 10.1;
					};
					52AE4548229FB8DA00FD1BDC = {
						CreatedOnToolsVersion = 10.1;
						TestTargetID = 52AE4534229FB8D700FD1BDC;
					};
					52AE4553229FB8DA00FD1BDC = {
						CreatedOnToolsVersion = 10.1;
						TestTargetID = 52AE4534229FB8D700FD1BDC;
					};
				};
			};
			buildConfigurationList = 52AE4530229FB8D600FD1BDC /* Build configuration list for PBXProject "register_test" */;
			compatibilityVersion = "Xcode 9.3";
			developmentRegion = en;
			hasScannedForEncodings = 0;
			knownRegions = (
				en,
				Base,
			);
			mainGroup = 52AE452C229FB8D600FD1BDC;
			productRefGroup = 52AE4536229FB8D700FD1BDC /* Products */;
			projectDirPath = "";
			projectRoot = "";
			targets = (
				52AE4534229FB8D700FD1BDC /* register_test */,
				52AE4548229FB8DA00FD1BDC /* register_testTests */,
				52AE4553229FB8DA00FD1BDC /* register_testUITests */,
			);
		};
/* End PBXProject section */

/* Begin PBXResourcesBuildPhase section */
		52AE4533229FB8D700FD1BDC /* Resources */ = {
			isa = PBXResourcesBuildPhase;
			buildActionMask = 2147483647;
			files = (
				52AE4543229FB8DA00FD1BDC /* LaunchScreen.storyboard in Resources */,
				52AE4540229FB8DA00FD1BDC /* Assets.xcassets in Resources */,
				52AE453E229FB8D700FD1BDC /* Main.storyboard in Resources */,
			);
			runOnlyForDeploymentPostprocessing = 0;
		};
		52AE4547229FB8DA00FD1BDC /* Resources */ = {
			isa = PBXResourcesBuildPhase;
			buildActionMask = 2147483647;
			files = (
			);
			runOnlyForDeploymentPostprocessing = 0;
		};
		52AE4552229FB8DA00FD1BDC /* Resources */ = {
			isa = PBXResourcesBuildPhase;
			buildActionMask = 2147483647;
			files = (
			);
			runOnlyForDeploymentPostprocessing = 0;
		};
/* End PBXResourcesBuildPhase section */

/* Begin PBXSourcesBuildPhase section */
		52AE4531229FB8D700FD1BDC /* Sources */ = {
			isa = PBXSourcesBuildPhase;
			buildActionMask = 2147483647;
			files = (
				52AE453B229FB8D700FD1BDC /* ViewController.swift in Sources */,
				52AE4539229FB8D700FD1BDC /* AppDelegate.swift in Sources */,
			);
			runOnlyForDeploymentPostprocessing = 0;
		};
		52AE4545229FB8DA00FD1BDC /* Sources */ = {
			isa = PBXSourcesBuildPhase;
			buildActionMask = 2147483647;
			files = (
				52AE454E229FB8DA00FD1BDC /* register_testTests.swift in Sources */,
			);
			runOnlyForDeploymentPostprocessing = 0;
		};
		52AE4550229FB8DA00FD1BDC /* Sources */ = {
			isa = PBXSourcesBuildPhase;
			buildActionMask = 2147483647;
			files = (
				52AE4559229FB8DA00FD1BDC /* register_testUITests.swift in Sources */,
			);
			runOnlyForDeploymentPostprocessing = 0;
		};
/* End PBXSourcesBuildPhase section */

/* Begin PBXTargetDependency section */
		52AE454B229FB8DA00FD1BDC /* PBXTargetDependency */ = {
			isa = PBXTargetDependency;
			target = 52AE4534229FB8D700FD1BDC /* register_test */;
			targetProxy = 52AE454A229FB8DA00FD1BDC /* PBXContainerItemProxy */;
		};
		52AE4556229FB8DA00FD1BDC /* PBXTargetDependency */ = {
			isa = PBXTargetDependency;
			target = 52AE4534229FB8D700FD1BDC /* register_test */;
			targetProxy = 52AE4555229FB8DA00FD1BDC /* PBXContainerItemProxy */;
		};
/* End PBXTargetDependency section */

/* Begin PBXVariantGroup section */
		52AE453C229FB8D700FD1BDC /* Main.storyboard */ = {
			isa = PBXVariantGroup;
			children = (
				52AE453D229FB8D700FD1BDC /* Base */,
			);
			name = Main.storyboard;
			sourceTree = "<group>";
		};
		52AE4541229FB8DA00FD1BDC /* LaunchScreen.storyboard */ = {
			isa = PBXVariantGroup;
			children = (
				52AE4542229FB8DA00FD1BDC /* Base */,
			);
			name = LaunchScreen.storyboard;
			sourceTree = "<group>";
		};
/* End PBXVariantGroup section */

/* Begin XCBuildConfiguration section */
		52AE455B229FB8DA00FD1BDC /* Debug */ = {
			isa = XCBuildConfiguration;
			buildSettings = {
				ALWAYS_SEARCH_USER_PATHS = NO;
				CLANG_ANALYZER_NONNULL = YES;
				CLANG_ANALYZER_NUMBER_OBJECT_CONVERSION = YES_AGGRESSIVE;
				CLANG_CXX_LANGUAGE_STANDARD = "gnu++14";
				CLANG_CXX_LIBRARY = "libc++";
				CLANG_ENABLE_MODULES = YES;
				CLANG_ENABLE_OBJC_ARC = YES;
				CLANG_ENABLE_OBJC_WEAK = YES;
				CLANG_WARN_BLOCK_CAPTURE_AUTORELEASING = YES;
				CLANG_WARN_BOOL_CONVERSION = YES;
				CLANG_WARN_COMMA = YES;
				CLANG_WARN_CONSTANT_CONVERSION = YES;
				CLANG_WARN_DEPRECATED_OBJC_IMPLEMENTATIONS = YES;
				CLANG_WARN_DIRECT_OBJC_ISA_USAGE = YES_ERROR;
				CLANG_WARN_DOCUMENTATION_COMMENTS = YES;
				CLANG_WARN_EMPTY_BODY = YES;
				CLANG_WARN_ENUM_CONVERSION = YES;
				CLANG_WARN_INFINITE_RECURSION = YES;
				CLANG_WARN_INT_CONVERSION = YES;
				CLANG_WARN_NON_LITERAL_NULL_CONVERSION = YES;
				CLANG_WARN_OBJC_IMPLICIT_RETAIN_SELF = YES;
				CLANG_WARN_OBJC_LITERAL_CONVERSION = YES;
				CLANG_WARN_OBJC_ROOT_CLASS = YES_ERROR;
				CLANG_WARN_RANGE_LOOP_ANALYSIS = YES;
				CLANG_WARN_STRICT_PROTOTYPES = YES;
				CLANG_WARN_SUSPICIOUS_MOVE = YES;
				CLANG_WARN_UNGUARDED_AVAILABILITY = YES_AGGRESSIVE;
				CLANG_WARN_UNREACHABLE_CODE = YES;
				CLANG_WARN__DUPLICATE_METHOD_MATCH = YES;
				CODE_SIGN_IDENTITY = "iPhone Developer";
				COPY_PHASE_STRIP = NO;
				DEBUG_INFORMATION_FORMAT = dwarf;
				ENABLE_STRICT_OBJC_MSGSEND = YES;
				ENABLE_TESTABILITY = YES;
				GCC_C_LANGUAGE_STANDARD = gnu11;
				GCC_DYNAMIC_NO_PIC = NO;
				GCC_NO_COMMON_BLOCKS = YES;
				GCC_OPTIMIZATION_LEVEL = 0;
				GCC_PREPROCESSOR_DEFINITIONS = (
					"DEBUG=1",
					"$(inherited)",
				);
				GCC_WARN_64_TO_32_BIT_CONVERSION = YES;
				GCC_WARN_ABOUT_RETURN_TYPE = YES_ERROR;
				GCC_WARN_UNDECLARED_SELECTOR = YES;
				GCC_WARN_UNINITIALIZED_AUTOS = YES_AGGRESSIVE;
				GCC_WARN_UNUSED_FUNCTION = YES;
				GCC_WARN_UNUSED_VARIABLE = YES;
				IPHONEOS_DEPLOYMENT_TARGET = 12.1;
				MTL_ENABLE_DEBUG_INFO = INCLUDE_SOURCE;
				MTL_FAST_MATH = YES;
				ONLY_ACTIVE_ARCH = YES;
				SDKROOT = iphoneos;
				SWIFT_ACTIVE_COMPILATION_CONDITIONS = DEBUG;
				SWIFT_OPTIMIZATION_LEVEL = "-Onone";
			};
			name = Debug;
		};
		52AE455C229FB8DA00FD1BDC /* Release */ = {
			isa = XCBuildConfiguration;
			buildSettings = {
				ALWAYS_SEARCH_USER_PATHS = NO;
				CLANG_ANALYZER_NONNULL = YES;
				CLANG_ANALYZER_NUMBER_OBJECT_CONVERSION = YES_AGGRESSIVE;
				CLANG_CXX_LANGUAGE_STANDARD = "gnu++14";
				CLANG_CXX_LIBRARY = "libc++";
				CLANG_ENABLE_MODULES = YES;
				CLANG_ENABLE_OBJC_ARC = YES;
				CLANG_ENABLE_OBJC_WEAK = YES;
				CLANG_WARN_BLOCK_CAPTURE_AUTORELEASING = YES;
				CLANG_WARN_BOOL_CONVERSION = YES;
				CLANG_WARN_COMMA = YES;
				CLANG_WARN_CONSTANT_CONVERSION = YES;
				CLANG_WARN_DEPRECATED_OBJC_IMPLEMENTATIONS = YES;
				CLANG_WARN_DIRECT_OBJC_ISA_USAGE = YES_ERROR;
				CLANG_WARN_DOCUMENTATION_COMMENTS = YES;
				CLANG_WARN_EMPTY_BODY = YES;
				CLANG_WARN_ENUM_CONVERSION = YES;
				CLANG_WARN_INFINITE_RECURSION = YES;
				CLANG_WARN_INT_CONVERSION = YES;
				CLANG_WARN_NON_LITERAL_NULL_CONVERSION = YES;
				CLANG_WARN_OBJC_IMPLICIT_RETAIN_SELF = YES;
				CLANG_WARN_OBJC_LITERAL_CONVERSION = YES;
				CLANG_WARN_OBJC_ROOT_CLASS = YES_ERROR;
				CLANG_WARN_RANGE_LOOP_ANALYSIS = YES;
				CLANG_WARN_STRICT_PROTOTYPES = YES;
				CLANG_WARN_SUSPICIOUS_MOVE = YES;
				CLANG_WARN_UNGUARDED_AVAILABILITY = YES_AGGRESSIVE;
				CLANG_WARN_UNREACHABLE_CODE = YES;
				CLANG_WARN__DUPLICATE_METHOD_MATCH = YES;
				CODE_SIGN_IDENTITY = "iPhone Developer";
				COPY_PHASE_STRIP = NO;
				DEBUG_INFORMATION_FORMAT = "dwarf-with-dsym";
				ENABLE_NS_ASSERTIONS = NO;
				ENABLE_STRICT_OBJC_MSGSEND = YES;
				GCC_C_LANGUAGE_STANDARD = gnu11;
				GCC_NO_COMMON_BLOCKS = YES;
				GCC_WARN_64_TO_32_BIT_CONVERSION = YES;
				GCC_WARN_ABOUT_RETURN_TYPE = YES_ERROR;
				GCC_WARN_UNDECLARED_SELECTOR = YES;
				GCC_WARN_UNINITIALIZED_AUTOS = YES_AGGRESSIVE;
				GCC_WARN_UNUSED_FUNCTION = YES;
				GCC_WARN_UNUSED_VARIABLE = YES;
				IPHONEOS_DEPLOYMENT_TARGET = 12.1;
				MTL_ENABLE_DEBUG_INFO = NO;
				MTL_FAST_MATH = YES;
				SDKROOT = iphoneos;
				SWIFT_COMPILATION_MODE = wholemodule;
				SWIFT_OPTIMIZATION_LEVEL = "-O";
				VALIDATE_PRODUCT = YES;
			};
			name = Release;
		};
		52AE455E229FB8DA00FD1BDC /* Debug */ = {
			isa = XCBuildConfiguration;
			buildSettings = {
				ASSETCATALOG_COMPILER_APPICON_NAME = AppIcon;
				CODE_SIGN_STYLE = Automatic;
				INFOPLIST_FILE = register_test/Info.plist;
				LD_RUNPATH_SEARCH_PATHS = (
					"$(inherited)",
					"@executable_path/Frameworks",
				);
				PRODUCT_BUNDLE_IDENTIFIER = "NAKAYAMA-KEITO.register-test";
				PRODUCT_NAME = "$(TARGET_NAME)";
				SWIFT_VERSION = 4.2;
				TARGETED_DEVICE_FAMILY = "1,2";
			};
			name = Debug;
		};
		52AE455F229FB8DA00FD1BDC /* Release */ = {
			isa = XCBuildConfiguration;
			buildSettings = {
				ASSETCATALOG_COMPILER_APPICON_NAME = AppIcon;
				CODE_SIGN_STYLE = Automatic;
				INFOPLIST_FILE = register_test/Info.plist;
				LD_RUNPATH_SEARCH_PATHS = (
					"$(inherited)",
					"@executable_path/Frameworks",
				);
				PRODUCT_BUNDLE_IDENTIFIER = "NAKAYAMA-KEITO.register-test";
				PRODUCT_NAME = "$(TARGET_NAME)";
				SWIFT_VERSION = 4.2;
				TARGETED_DEVICE_FAMILY = "1,2";
			};
			name = Release;
		};
		52AE4561229FB8DA00FD1BDC /* Debug */ = {
			isa = XCBuildConfiguration;
			buildSettings = {
				ALWAYS_EMBED_SWIFT_STANDARD_LIBRARIES = YES;
				BUNDLE_LOADER = "$(TEST_HOST)";
				CODE_SIGN_STYLE = Automatic;
				INFOPLIST_FILE = register_testTests/Info.plist;
				LD_RUNPATH_SEARCH_PATHS = (
					"$(inherited)",
					"@executable_path/Frameworks",
					"@loader_path/Frameworks",
				);
				PRODUCT_BUNDLE_IDENTIFIER = "NAKAYAMA-KEITO.register-testTests";
				PRODUCT_NAME = "$(TARGET_NAME)";
				SWIFT_VERSION = 4.2;
				TARGETED_DEVICE_FAMILY = "1,2";
				TEST_HOST = "$(BUILT_PRODUCTS_DIR)/register_test.app/register_test";
			};
			name = Debug;
		};
		52AE4562229FB8DA00FD1BDC /* Release */ = {
			isa = XCBuildConfiguration;
			buildSettings = {
				ALWAYS_EMBED_SWIFT_STANDARD_LIBRARIES = YES;
				BUNDLE_LOADER = "$(TEST_HOST)";
				CODE_SIGN_STYLE = Automatic;
				INFOPLIST_FILE = register_testTests/Info.plist;
				LD_RUNPATH_SEARCH_PATHS = (
					"$(inherited)",
					"@executable_path/Frameworks",
					"@loader_path/Frameworks",
				);
				PRODUCT_BUNDLE_IDENTIFIER = "NAKAYAMA-KEITO.register-testTests";
				PRODUCT_NAME = "$(TARGET_NAME)";
				SWIFT_VERSION = 4.2;
				TARGETED_DEVICE_FAMILY = "1,2";
				TEST_HOST = "$(BUILT_PRODUCTS_DIR)/register_test.app/register_test";
			};
			name = Release;
		};
		52AE4564229FB8DA00FD1BDC /* Debug */ = {
			isa = XCBuildConfiguration;
			buildSettings = {
				ALWAYS_EMBED_SWIFT_STANDARD_LIBRARIES = YES;
				CODE_SIGN_STYLE = Automatic;
				INFOPLIST_FILE = register_testUITests/Info.plist;
				LD_RUNPATH_SEARCH_PATHS = (
					"$(inherited)",
					"@executable_path/Frameworks",
					"@loader_path/Frameworks",
				);
				PRODUCT_BUNDLE_IDENTIFIER = "NAKAYAMA-KEITO.register-testUITests";
				PRODUCT_NAME = "$(TARGET_NAME)";
				SWIFT_VERSION = 4.2;
				TARGETED_DEVICE_FAMILY = "1,2";
				TEST_TARGET_NAME = register_test;
			};
			name = Debug;
		};
		52AE4565229FB8DA00FD1BDC /* Release */ = {
			isa = XCBuildConfiguration;
			buildSettings = {
				ALWAYS_EMBED_SWIFT_STANDARD_LIBRARIES = YES;
				CODE_SIGN_STYLE = Automatic;
				INFOPLIST_FILE = register_testUITests/Info.plist;
				LD_RUNPATH_SEARCH_PATHS = (
					"$(inherited)",
					"@executable_path/Frameworks",
					"@loader_path/Frameworks",
				);
				PRODUCT_BUNDLE_IDENTIFIER = "NAKAYAMA-KEITO.register-testUITests";
				PRODUCT_NAME = "$(TARGET_NAME)";
				SWIFT_VERSION = 4.2;
				TARGETED_DEVICE_FAMILY = "1,2";
				TEST_TARGET_NAME = register_test;
			};
			name = Release;
		};
/* End XCBuildConfiguration section */

/* Begin XCConfigurationList section */
		52AE4530229FB8D600FD1BDC /* Build configuration list for PBXProject "register_test" */ = {
			isa = XCConfigurationList;
			buildConfigurations = (
				52AE455B229FB8DA00FD1BDC /* Debug */,
				52AE455C229FB8DA00FD1BDC /* Release */,
			);
			defaultConfigurationIsVisible = 0;
			defaultConfigurationName = Release;
		};
		52AE455D229FB8DA00FD1BDC /* Build configuration list for PBXNativeTarget "register_test" */ = {
			isa = XCConfigurationList;
			buildConfigurations = (
				52AE455E229FB8DA00FD1BDC /* Debug */,
				52AE455F229FB8DA00FD1BDC /* Release */,
			);
			defaultConfigurationIsVisible = 0;
			defaultConfigurationName = Release;
		};
		52AE4560229FB8DA00FD1BDC /* Build configuration list for PBXNativeTarget "register_testTests" */ = {
			isa = XCConfigurationList;
			buildConfigurations = (
				52AE4561229FB8DA00FD1BDC /* Debug */,
				52AE4562229FB8DA00FD1BDC /* Release */,
			);
			defaultConfigurationIsVisible = 0;
			defaultConfigurationName = Release;
		};
		52AE4563229FB8DA00FD1BDC /* Build configuration list for PBXNativeTarget "register_testUITests" */ = {
			isa = XCConfigurationList;
			buildConfigurations = (
				52AE4564229FB8DA00FD1BDC /* Debug */,
				52AE4565229FB8DA00FD1BDC /* Release */,
			);
			defaultConfigurationIsVisible = 0;
			defaultConfigurationName = Release;
		};
/* End XCConfigurationList section */
	};
	rootObject = 52AE452D229FB8D600FD1BDC /* Project object */;
}
